
Microsoft Visual Studio Solution File, Format Version 12.00
# Visual Studio Version 17
VisualStudioVersion = 17.14.36511.14 d17.14
MinimumVisualStudioVersion = 10.0.40219.1
Project("{FAE04EC0-301F-11D3-BF4B-00C04F79EFBC}") = "AbdeevMarksStudents", "AbdeevMarksStudents\AbdeevMarksStudents.csproj", "{890FE53F-4F3F-4E15-992A-8E7420597DED}"
EndProject
Global
	GlobalSection(SolutionConfigurationPlatforms) = preSolution
		Debug|Any CPU = Debug|Any CPU
		Release|Any CPU = Release|Any CPU
	EndGlobalSection
	GlobalSection(ProjectConfigurationPlatforms) = postSolution
		{890FE53F-4F3F-4E15-992A-8E7420597DED}.Debug|Any CPU.ActiveCfg = Debug|Any CPU
		{890FE53F-4F3F-4E15-992A-8E7420597DED}.Debug|Any CPU.Build.0 = Debug|Any CPU
		{890FE53F-4F3F-4E15-992A-8E7420597DED}.Release|Any CPU.ActiveCfg = Release|Any CPU
		{890FE53F-4F3F-4E15-992A-8E7420597DED}.Release|Any CPU.Build.0 = Release|Any CPU
	EndGlobalSection
	GlobalSection(SolutionProperties) = preSolution
		HideSolutionNode = FALSE
	EndGlobalSection
	GlobalSection(ExtensibilityGlobals) = postSolution
		SolutionGuid = {3414436E-AB48-49AB-B106-9849797B97D0}
	EndGlobalSection
EndGlobal
